
Microsoft Visual Studio Solution File, Format Version 12.00
# Visual Studio 15
VisualStudioVersion = 15.0.28010.2016
MinimumVisualStudioVersion = 10.0.40219.1
Project("{9A19103F-16F7-4668-BE54-9A1E7A4F7556}") = "WeatherOutlet.Server", "WeatherOutlet.Server\WeatherOutlet.Server.csproj", "{68892BB0-A1C4-42D2-B853-F031AA5A79FE}"
EndProject
Project("{9A19103F-16F7-4668-BE54-9A1E7A4F7556}") = "WeatherOutlet.Client", "WeatherOutlet.Client\WeatherOutlet.Client.csproj", "{B5857793-1178-41B4-B8C1-F4B2BFBB7632}"
EndProject
Project("{9A19103F-16F7-4668-BE54-9A1E7A4F7556}") = "WeatherOutlet.Shared", "WeatherOutlet.Shared\WeatherOutlet.Shared.csproj", "{E0D1580D-B648-4700-A147-C9995CE31008}"
EndProject
Project("{9A19103F-16F7-4668-BE54-9A1E7A4F7556}") = "BlazorElement", "BlazorElement\BlazorElement.csproj", "{ACCA653F-491A-4E05-A9FC-393C52249E6D}"
EndProject
Project("{9A19103F-16F7-4668-BE54-9A1E7A4F7556}") = "WeatherOutlet.ApiClients", "WeatherOutlet.ApiClients\WeatherOutlet.ApiClients.csproj", "{7121FD80-E6E0-42A0-9013-5AA720CFA9E7}"
EndProject
Project("{9A19103F-16F7-4668-BE54-9A1E7A4F7556}") = "WeatherOutlet.Data", "WeatherOutlet.Data\WeatherOutlet.Data.csproj", "{E1A0E008-E510-45BA-B604-F2F198957190}"
EndProject
Project("{FAE04EC0-301F-11D3-BF4B-00C04F79EFBC}") = "WeatherOutlet.Data.Tests", "WeatherOutlet.Data.Tests\WeatherOutlet.Data.Tests.csproj", "{1738879A-B4EC-4967-8CBB-9E7D58A4812C}"
EndProject
Project("{FAE04EC0-301F-11D3-BF4B-00C04F79EFBC}") = "WeatherOutlet.ApiClients.IntegrationTests", "WeatherOutlet.ApiClients.IntegrationTests\WeatherOutlet.ApiClients.IntegrationTests.csproj", "{AB814481-6B6F-40D4-BA4F-804375325901}"
EndProject
Project("{FAE04EC0-301F-11D3-BF4B-00C04F79EFBC}") = "WeatherOutlet.Server.Tests", "WeatherOutlet.Server.Tests\WeatherOutlet.Server.Tests.csproj", "{24FDA4A4-7060-435C-BC8B-141737F04D78}"
EndProject
Global
	GlobalSection(SolutionConfigurationPlatforms) = preSolution
		Debug|Any CPU = Debug|Any CPU
		Release|Any CPU = Release|Any CPU
	EndGlobalSection
	GlobalSection(ProjectConfigurationPlatforms) = postSolution
		{68892BB0-A1C4-42D2-B853-F031AA5A79FE}.Debug|Any CPU.ActiveCfg = Debug|Any CPU
		{68892BB0-A1C4-42D2-B853-F031AA5A79FE}.Debug|Any CPU.Build.0 = Debug|Any CPU
		{68892BB0-A1C4-42D2-B853-F031AA5A79FE}.Release|Any CPU.ActiveCfg = Release|Any CPU
		{68892BB0-A1C4-42D2-B853-F031AA5A79FE}.Release|Any CPU.Build.0 = Release|Any CPU
		{B5857793-1178-41B4-B8C1-F4B2BFBB7632}.Debug|Any CPU.ActiveCfg = Debug|Any CPU
		{B5857793-1178-41B4-B8C1-F4B2BFBB7632}.Debug|Any CPU.Build.0 = Debug|Any CPU
		{B5857793-1178-41B4-B8C1-F4B2BFBB7632}.Release|Any CPU.ActiveCfg = Release|Any CPU
		{B5857793-1178-41B4-B8C1-F4B2BFBB7632}.Release|Any CPU.Build.0 = Release|Any CPU
		{E0D1580D-B648-4700-A147-C9995CE31008}.Debug|Any CPU.ActiveCfg = Debug|Any CPU
		{E0D1580D-B648-4700-A147-C9995CE31008}.Debug|Any CPU.Build.0 = Debug|Any CPU
		{E0D1580D-B648-4700-A147-C9995CE31008}.Release|Any CPU.ActiveCfg = Release|Any CPU
		{E0D1580D-B648-4700-A147-C9995CE31008}.Release|Any CPU.Build.0 = Release|Any CPU
		{ACCA653F-491A-4E05-A9FC-393C52249E6D}.Debug|Any CPU.ActiveCfg = Debug|Any CPU
		{ACCA653F-491A-4E05-A9FC-393C52249E6D}.Debug|Any CPU.Build.0 = Debug|Any CPU
		{ACCA653F-491A-4E05-A9FC-393C52249E6D}.Release|Any CPU.ActiveCfg = Release|Any CPU
		{ACCA653F-491A-4E05-A9FC-393C52249E6D}.Release|Any CPU.Build.0 = Release|Any CPU
		{7121FD80-E6E0-42A0-9013-5AA720CFA9E7}.Debug|Any CPU.ActiveCfg = Debug|Any CPU
		{7121FD80-E6E0-42A0-9013-5AA720CFA9E7}.Debug|Any CPU.Build.0 = Debug|Any CPU
		{7121FD80-E6E0-42A0-9013-5AA720CFA9E7}.Release|Any CPU.ActiveCfg = Release|Any CPU
		{7121FD80-E6E0-42A0-9013-5AA720CFA9E7}.Release|Any CPU.Build.0 = Release|Any CPU
		{E1A0E008-E510-45BA-B604-F2F198957190}.Debug|Any CPU.ActiveCfg = Debug|Any CPU
		{E1A0E008-E510-45BA-B604-F2F198957190}.Debug|Any CPU.Build.0 = Debug|Any CPU
		{E1A0E008-E510-45BA-B604-F2F198957190}.Release|Any CPU.ActiveCfg = Release|Any CPU
		{E1A0E008-E510-45BA-B604-F2F198957190}.Release|Any CPU.Build.0 = Release|Any CPU
		{1738879A-B4EC-4967-8CBB-9E7D58A4812C}.Debug|Any CPU.ActiveCfg = Debug|Any CPU
		{1738879A-B4EC-4967-8CBB-9E7D58A4812C}.Debug|Any CPU.Build.0 = Debug|Any CPU
		{1738879A-B4EC-4967-8CBB-9E7D58A4812C}.Release|Any CPU.ActiveCfg = Release|Any CPU
		{1738879A-B4EC-4967-8CBB-9E7D58A4812C}.Release|Any CPU.Build.0 = Release|Any CPU
		{AB814481-6B6F-40D4-BA4F-804375325901}.Debug|Any CPU.ActiveCfg = Debug|Any CPU
		{AB814481-6B6F-40D4-BA4F-804375325901}.Debug|Any CPU.Build.0 = Debug|Any CPU
		{AB814481-6B6F-40D4-BA4F-804375325901}.Release|Any CPU.ActiveCfg = Release|Any CPU
		{AB814481-6B6F-40D4-BA4F-804375325901}.Release|Any CPU.Build.0 = Release|Any CPU
		{24FDA4A4-7060-435C-BC8B-141737F04D78}.Debug|Any CPU.ActiveCfg = Debug|Any CPU
		{24FDA4A4-7060-435C-BC8B-141737F04D78}.Debug|Any CPU.Build.0 = Debug|Any CPU
		{24FDA4A4-7060-435C-BC8B-141737F04D78}.Release|Any CPU.ActiveCfg = Release|Any CPU
		{24FDA4A4-7060-435C-BC8B-141737F04D78}.Release|Any CPU.Build.0 = Release|Any CPU
	EndGlobalSection
	GlobalSection(SolutionProperties) = preSolution
		HideSolutionNode = FALSE
	EndGlobalSection
	GlobalSection(ExtensibilityGlobals) = postSolution
		SolutionGuid = {C74DD364-151A-4D9C-A8D8-F104F7BA0A3A}
	EndGlobalSection
EndGlobal
